
Microsoft Visual Studio Solution File, Format Version 12.00
# Visual Studio Version 17
VisualStudioVersion = 17.0.31903.59
MinimumVisualStudioVersion = 10.0.40219.1
Project("{FAE04EC0-301F-11D3-BF4B-00C04F79EFBC}") = "MedicalRecords.Domain", "MedicalRecords.Domain\MedicalRecords.Domain.csproj", "{B88FA89B-CCDD-4B62-82DD-DC3843767FAE}"
EndProject
Global
	GlobalSection(SolutionConfigurationPlatforms) = preSolution
		Debug|Any CPU = Debug|Any CPU
		Release|Any CPU = Release|Any CPU
	EndGlobalSection
	GlobalSection(ProjectConfigurationPlatforms) = postSolution
		{B88FA89B-CCDD-4B62-82DD-DC3843767FAE}.Debug|Any CPU.ActiveCfg = Debug|Any CPU
		{B88FA89B-CCDD-4B62-82DD-DC3843767FAE}.Debug|Any CPU.Build.0 = Debug|Any CPU
		{B88FA89B-CCDD-4B62-82DD-DC3843767FAE}.Release|Any CPU.ActiveCfg = Release|Any CPU
		{B88FA89B-CCDD-4B62-82DD-DC3843767FAE}.Release|Any CPU.Build.0 = Release|Any CPU
	EndGlobalSection
	GlobalSection(SolutionProperties) = preSolution
		HideSolutionNode = FALSE
	EndGlobalSection
	GlobalSection(ExtensibilityGlobals) = postSolution
		SolutionGuid = {71687937-139C-4AEE-9E92-EDD4CBD7A1E8}
	EndGlobalSection
EndGlobal
