
Microsoft Visual Studio Solution File, Format Version 12.00
# Visual Studio Version 17
VisualStudioVersion = 17.0.31903.59
MinimumVisualStudioVersion = 10.0.40219.1
Project("{FAE04EC0-301F-11D3-BF4B-00C04F79EFBC}") = "AnagraficaMedica.Api", "AnagraficaMedica.Api\AnagraficaMedica.Api.csproj", "{A9EA6315-79D6-F0D0-9DC8-E88E77A468FE}"
EndProject
Project("{FAE04EC0-301F-11D3-BF4B-00C04F79EFBC}") = "AnagraficaMedica.Application", "AnagraficaMedica.Application\AnagraficaMedica.Application.csproj", "{ED60270D-1EFE-FC33-8D34-46220A9DB60F}"
EndProject
Project("{FAE04EC0-301F-11D3-BF4B-00C04F79EFBC}") = "AnagraficaMedica.Domain", "AnagraficaMedica.Domain\AnagraficaMedica.Domain.csproj", "{DCAF00EA-F20C-24D8-0BA7-059457A89E1D}"
EndProject
Project("{FAE04EC0-301F-11D3-BF4B-00C04F79EFBC}") = "AnagraficaMedica.Infrastructure", "AnagraficaMedica.Infrastructure\AnagraficaMedica.Infrastructure.csproj", "{7EDFFB82-A286-8244-19EC-240942B40E2B}"
EndProject
Project("{FAE04EC0-301F-11D3-BF4B-00C04F79EFBC}") = "AnagraficaMedica.Tests", "AnagraficaMedica.Tests\AnagraficaMedica.Tests.csproj", "{0BE8D001-EEDE-D590-85A1-B60ACB6FD67B}"
EndProject
Global
	GlobalSection(SolutionConfigurationPlatforms) = preSolution
		Debug|Any CPU = Debug|Any CPU
		Release|Any CPU = Release|Any CPU
	EndGlobalSection
	GlobalSection(ProjectConfigurationPlatforms) = postSolution
		{A9EA6315-79D6-F0D0-9DC8-E88E77A468FE}.Debug|Any CPU.ActiveCfg = Debug|Any CPU
		{A9EA6315-79D6-F0D0-9DC8-E88E77A468FE}.Debug|Any CPU.Build.0 = Debug|Any CPU
		{A9EA6315-79D6-F0D0-9DC8-E88E77A468FE}.Release|Any CPU.ActiveCfg = Release|Any CPU
		{A9EA6315-79D6-F0D0-9DC8-E88E77A468FE}.Release|Any CPU.Build.0 = Release|Any CPU
		{ED60270D-1EFE-FC33-8D34-46220A9DB60F}.Debug|Any CPU.ActiveCfg = Debug|Any CPU
		{ED60270D-1EFE-FC33-8D34-46220A9DB60F}.Debug|Any CPU.Build.0 = Debug|Any CPU
		{ED60270D-1EFE-FC33-8D34-46220A9DB60F}.Release|Any CPU.ActiveCfg = Release|Any CPU
		{ED60270D-1EFE-FC33-8D34-46220A9DB60F}.Release|Any CPU.Build.0 = Release|Any CPU
		{DCAF00EA-F20C-24D8-0BA7-059457A89E1D}.Debug|Any CPU.ActiveCfg = Debug|Any CPU
		{DCAF00EA-F20C-24D8-0BA7-059457A89E1D}.Debug|Any CPU.Build.0 = Debug|Any CPU
		{DCAF00EA-F20C-24D8-0BA7-059457A89E1D}.Release|Any CPU.ActiveCfg = Release|Any CPU
		{DCAF00EA-F20C-24D8-0BA7-059457A89E1D}.Release|Any CPU.Build.0 = Release|Any CPU
		{7EDFFB82-A286-8244-19EC-240942B40E2B}.Debug|Any CPU.ActiveCfg = Debug|Any CPU
		{7EDFFB82-A286-8244-19EC-240942B40E2B}.Debug|Any CPU.Build.0 = Debug|Any CPU
		{7EDFFB82-A286-8244-19EC-240942B40E2B}.Release|Any CPU.ActiveCfg = Release|Any CPU
		{7EDFFB82-A286-8244-19EC-240942B40E2B}.Release|Any CPU.Build.0 = Release|Any CPU
		{0BE8D001-EEDE-D590-85A1-B60ACB6FD67B}.Debug|Any CPU.ActiveCfg = Debug|Any CPU
		{0BE8D001-EEDE-D590-85A1-B60ACB6FD67B}.Debug|Any CPU.Build.0 = Debug|Any CPU
		{0BE8D001-EEDE-D590-85A1-B60ACB6FD67B}.Release|Any CPU.ActiveCfg = Release|Any CPU
		{0BE8D001-EEDE-D590-85A1-B60ACB6FD67B}.Release|Any CPU.Build.0 = Release|Any CPU
	EndGlobalSection
	GlobalSection(SolutionProperties) = preSolution
		HideSolutionNode = FALSE
	EndGlobalSection
	GlobalSection(ExtensibilityGlobals) = postSolution
		SolutionGuid = {10E6F113-7800-44D4-8387-8593B0DC7855}
	EndGlobalSection
EndGlobal
