
Microsoft Visual Studio Solution File, Format Version 12.00
# Visual Studio Version 17
VisualStudioVersion = 17.13.35818.85 d17.13
MinimumVisualStudioVersion = 10.0.40219.1
Project("{FAE04EC0-301F-11D3-BF4B-00C04F79EFBC}") = "GSD.IdentityService.Domain", "GSD.IdentityService.Domain\GSD.IdentityService.Domain.csproj", "{9EBAD848-DDBE-4DD1-A64F-F220E4179D1E}"
EndProject
Project("{FAE04EC0-301F-11D3-BF4B-00C04F79EFBC}") = "GSD.IdentityService.Infrastructure", "GSD.IdentityService.Infrastructure\GSD.IdentityService.Infrastructure.csproj", "{C667F58E-5EE0-401A-8FD2-C367BC19CF02}"
EndProject
Project("{FAE04EC0-301F-11D3-BF4B-00C04F79EFBC}") = "GSD.IdentityService.Application", "GSD.IdentityService.Application\GSD.IdentityService.Application.csproj", "{CAF53070-ADE4-436D-95BA-AC24E2BA17D6}"
EndProject
Project("{FAE04EC0-301F-11D3-BF4B-00C04F79EFBC}") = "GSD.IdentityService.WebAPI)", "GSD.IdentityService.WebAPI)\GSD.IdentityService.WebAPI).csproj", "{3E207934-9BAE-439C-BD64-487400F2DDA4}"
EndProject
Project("{2150E333-8FDC-42A3-9474-1A3956D46DE8}") = "GSD.IdentityService", "GSD.IdentityService", "{6C83A596-D32D-B35F-00DD-F0C99B673980}"
EndProject
Global
	GlobalSection(SolutionConfigurationPlatforms) = preSolution
		Debug|Any CPU = Debug|Any CPU
		Release|Any CPU = Release|Any CPU
	EndGlobalSection
	GlobalSection(ProjectConfigurationPlatforms) = postSolution
		{9EBAD848-DDBE-4DD1-A64F-F220E4179D1E}.Debug|Any CPU.ActiveCfg = Debug|Any CPU
		{9EBAD848-DDBE-4DD1-A64F-F220E4179D1E}.Debug|Any CPU.Build.0 = Debug|Any CPU
		{9EBAD848-DDBE-4DD1-A64F-F220E4179D1E}.Release|Any CPU.ActiveCfg = Release|Any CPU
		{9EBAD848-DDBE-4DD1-A64F-F220E4179D1E}.Release|Any CPU.Build.0 = Release|Any CPU
		{C667F58E-5EE0-401A-8FD2-C367BC19CF02}.Debug|Any CPU.ActiveCfg = Debug|Any CPU
		{C667F58E-5EE0-401A-8FD2-C367BC19CF02}.Debug|Any CPU.Build.0 = Debug|Any CPU
		{C667F58E-5EE0-401A-8FD2-C367BC19CF02}.Release|Any CPU.ActiveCfg = Release|Any CPU
		{C667F58E-5EE0-401A-8FD2-C367BC19CF02}.Release|Any CPU.Build.0 = Release|Any CPU
		{CAF53070-ADE4-436D-95BA-AC24E2BA17D6}.Debug|Any CPU.ActiveCfg = Debug|Any CPU
		{CAF53070-ADE4-436D-95BA-AC24E2BA17D6}.Debug|Any CPU.Build.0 = Debug|Any CPU
		{CAF53070-ADE4-436D-95BA-AC24E2BA17D6}.Release|Any CPU.ActiveCfg = Release|Any CPU
		{CAF53070-ADE4-436D-95BA-AC24E2BA17D6}.Release|Any CPU.Build.0 = Release|Any CPU
		{3E207934-9BAE-439C-BD64-487400F2DDA4}.Debug|Any CPU.ActiveCfg = Debug|Any CPU
		{3E207934-9BAE-439C-BD64-487400F2DDA4}.Debug|Any CPU.Build.0 = Debug|Any CPU
		{3E207934-9BAE-439C-BD64-487400F2DDA4}.Release|Any CPU.ActiveCfg = Release|Any CPU
		{3E207934-9BAE-439C-BD64-487400F2DDA4}.Release|Any CPU.Build.0 = Release|Any CPU
	EndGlobalSection
	GlobalSection(SolutionProperties) = preSolution
		HideSolutionNode = FALSE
	EndGlobalSection
	GlobalSection(NestedProjects) = preSolution
		{9EBAD848-DDBE-4DD1-A64F-F220E4179D1E} = {6C83A596-D32D-B35F-00DD-F0C99B673980}
		{C667F58E-5EE0-401A-8FD2-C367BC19CF02} = {6C83A596-D32D-B35F-00DD-F0C99B673980}
		{CAF53070-ADE4-436D-95BA-AC24E2BA17D6} = {6C83A596-D32D-B35F-00DD-F0C99B673980}
		{3E207934-9BAE-439C-BD64-487400F2DDA4} = {6C83A596-D32D-B35F-00DD-F0C99B673980}
	EndGlobalSection
	GlobalSection(ExtensibilityGlobals) = postSolution
		SolutionGuid = {D9DACBCF-2E05-4B03-B83A-38739A221D25}
	EndGlobalSection
EndGlobal
